
Microsoft Visual Studio Solution File, Format Version 12.00
# Visual Studio 2013
VisualStudioVersion = 12.0.31101.0
MinimumVisualStudioVersion = 10.0.40219.1
Project("{FAE04EC0-301F-11D3-BF4B-00C04F79EFBC}") = "ShapeLib", "ShapeLib\ShapeLib.csproj", "{ED1E3FC9-7EE5-4D64-8930-D068041E226A}"
EndProject
Project("{FAE04EC0-301F-11D3-BF4B-00C04F79EFBC}") = "ShapesApp", "ShapesApp\ShapesApp.csproj", "{59398C28-792C-4EBE-9E08-97D378862249}"
EndProject
Global
	GlobalSection(SolutionConfigurationPlatforms) = preSolution
		Debug|Any CPU = Debug|Any CPU
		Release|Any CPU = Release|Any CPU
	EndGlobalSection
	GlobalSection(ProjectConfigurationPlatforms) = postSolution
		{ED1E3FC9-7EE5-4D64-8930-D068041E226A}.Debug|Any CPU.ActiveCfg = Debug|Any CPU
		{ED1E3FC9-7EE5-4D64-8930-D068041E226A}.Debug|Any CPU.Build.0 = Debug|Any CPU
		{ED1E3FC9-7EE5-4D64-8930-D068041E226A}.Release|Any CPU.ActiveCfg = Release|Any CPU
		{ED1E3FC9-7EE5-4D64-8930-D068041E226A}.Release|Any CPU.Build.0 = Release|Any CPU
		{59398C28-792C-4EBE-9E08-97D378862249}.Debug|Any CPU.ActiveCfg = Debug|Any CPU
		{59398C28-792C-4EBE-9E08-97D378862249}.Debug|Any CPU.Build.0 = Debug|Any CPU
		{59398C28-792C-4EBE-9E08-97D378862249}.Release|Any CPU.ActiveCfg = Release|Any CPU
		{59398C28-792C-4EBE-9E08-97D378862249}.Release|Any CPU.Build.0 = Release|Any CPU
	EndGlobalSection
	GlobalSection(SolutionProperties) = preSolution
		HideSolutionNode = FALSE
	EndGlobalSection
EndGlobal
